Microsoft Visual Studio Solution File, Format Version 12.00
# Visual Studio Version 17
VisualStudioVersion = 17.0.31903.59
MinimumVisualStudioVersion = 10.0.40219.1
Project("{FAE04EC0-301F-11D3-BF4B-00C04F79EFBC}") = "SonadaBeds.Web", "src\SonadaBeds.Web\SonadaBeds.Web.csproj", "{A2B91E32-1C31-4B34-9A71-6F3B7B3C8F01}"
EndProject
Global
	GlobalSection(SolutionConfigurationPlatforms) = preSolution
		Debug|Any CPU = Debug|Any CPU
		Release|Any CPU = Release|Any CPU
	EndGlobalSection
	GlobalSection(ProjectConfigurationPlatforms) = postSolution
		{A2B91E32-1C31-4B34-9A71-6F3B7B3C8F01}.Debug|Any CPU.ActiveCfg = Debug|Any CPU
		{A2B91E32-1C31-4B34-9A71-6F3B7B3C8F01}.Debug|Any CPU.Build.0 = Debug|Any CPU
		{A2B91E32-1C31-4B34-9A71-6F3B7B3C8F01}.Release|Any CPU.ActiveCfg = Release|Any CPU
		{A2B91E32-1C31-4B34-9A71-6F3B7B3C8F01}.Release|Any CPU.Build.0 = Release|Any CPU
	EndGlobalSection
EndGlobal
